// !$*UTF8*$!
{
	archiveVersion = 1;
	classes = {
	};
	objectVersion = 56;
	objects = {

/* Begin PBXBuildFile section */
		3A0868FE2BA3BFA000E1DB37 /* ButtonWithShadow.swift in Sources */ = {isa = PBXBuildFile; fileRef = 3A0868FD2BA3BFA000E1DB37 /* ButtonWithShadow.swift */; };
		3A18491E2BA4BAD70009EE9A /* UploadImageVC.swift in Sources */ = {isa = PBXBuildFile; fileRef = 3A18491D2BA4BAD70009EE9A /* UploadImageVC.swift */; };
		3A1849202BA4BB3F0009EE9A /* CartVC.swift in Sources */ = {isa = PBXBuildFile; fileRef = 3A18491F2BA4BB3F0009EE9A /* CartVC.swift */; };
		3A1849222BA4BBD20009EE9A /* BillStatementVC.swift in Sources */ = {isa = PBXBuildFile; fileRef = 3A1849212BA4BBD20009EE9A /* BillStatementVC.swift */; };
		3A1849242BA4C4100009EE9A /* ImageBGController.swift in Sources */ = {isa = PBXBuildFile; fileRef = 3A1849232BA4C4100009EE9A /* ImageBGController.swift */; };
		3A1849262BA4C56E0009EE9A /* Previous_Bills.swift in Sources */ = {isa = PBXBuildFile; fileRef = 3A1849252BA4C56E0009EE9A /* Previous_Bills.swift */; };
		3A1849282BA4C5F30009EE9A /* ProductDetails.swift in Sources */ = {isa = PBXBuildFile; fileRef = 3A1849272BA4C5F30009EE9A /* ProductDetails.swift */; };
		3A18492A2BA4C6830009EE9A /* BillGen.swift in Sources */ = {isa = PBXBuildFile; fileRef = 3A1849292BA4C6830009EE9A /* BillGen.swift */; };
		3A4BB9D82B859E3E00D948B6 /* LoginVC.swift in Sources */ = {isa = PBXBuildFile; fileRef = 3A4BB9D72B859E3E00D948B6 /* LoginVC.swift */; };
		3A6ACDBD2B84507A00DEAB4C /* AppDelegate.swift in Sources */ = {isa = PBXBuildFile; fileRef = 3A6ACDBC2B84507A00DEAB4C /* AppDelegate.swift */; };
		3A6ACDBF2B84507A00DEAB4C /* SceneDelegate.swift in Sources */ = {isa = PBXBuildFile; fileRef = 3A6ACDBE2B84507A00DEAB4C /* SceneDelegate.swift */; };
		3A6ACDC12B84507A00DEAB4C /* ViewController.swift in Sources */ = {isa = PBXBuildFile; fileRef = 3A6ACDC02B84507A00DEAB4C /* ViewController.swift */; };
		3A6ACDC42B84507A00DEAB4C /* Main.storyboard in Resources */ = {isa = PBXBuildFile; fileRef = 3A6ACDC22B84507A00DEAB4C /* Main.storyboard */; };
		3A6ACDC62B84508800DEAB4C /* Assets.xcassets in Resources */ = {isa = PBXBuildFile; fileRef = 3A6ACDC52B84508800DEAB4C /* Assets.xcassets */; };
		3A6ACDC92B84508800DEAB4C /* LaunchScreen.storyboard in Resources */ = {isa = PBXBuildFile; fileRef = 3A6ACDC72B84508800DEAB4C /* LaunchScreen.storyboard */; };
		3AC1E5712BB6034F00BFF616 /* AllExtensions.swift in Sources */ = {isa = PBXBuildFile; fileRef = 3AC1E5702BB6034F00BFF616 /* AllExtensions.swift */; };
		3AC1E5732BB603B400BFF616 /* String.swift in Sources */ = {isa = PBXBuildFile; fileRef = 3AC1E5722BB603B400BFF616 /* String.swift */; };
		3AEF6C742BA0EE63009DD18A /* CreateAccountVC.swift in Sources */ = {isa = PBXBuildFile; fileRef = 3AEF6C732BA0EE63009DD18A /* CreateAccountVC.swift */; };
		3AEF6C862BA0F05E009DD18A /* DesignableView.swift in Sources */ = {isa = PBXBuildFile; fileRef = 3AEF6C852BA0F05E009DD18A /* DesignableView.swift */; };
		3AEF6C882BA0F0CB009DD18A /* logoutVCViewController.swift in Sources */ = {isa = PBXBuildFile; fileRef = 3AEF6C872BA0F0CB009DD18A /* logoutVCViewController.swift */; };
/* End PBXBuildFile section */

/* Begin PBXFileReference section */
		3A0868FD2BA3BFA000E1DB37 /* ButtonWithShadow.swift */ = {isa = PBXFileReference; fileEncoding = 4; lastKnownFileType = sourcecode.swift; path = ButtonWithShadow.swift; sourceTree = "<group>"; };
		3A18491D2BA4BAD70009EE9A /* UploadImageVC.swift */ = {isa = PBXFileReference; lastKnownFileType = sourcecode.swift; path = UploadImageVC.swift; sourceTree = "<group>"; };
		3A18491F2BA4BB3F0009EE9A /* CartVC.swift */ = {isa = PBXFileReference; lastKnownFileType = sourcecode.swift; path = CartVC.swift; sourceTree = "<group>"; };
		3A1849212BA4BBD20009EE9A /* BillStatementVC.swift */ = {isa = PBXFileReference; lastKnownFileType = sourcecode.swift; path = BillStatementVC.swift; sourceTree = "<group>"; };
		3A1849232BA4C4100009EE9A /* ImageBGController.swift */ = {isa = PBXFileReference; lastKnownFileType = sourcecode.swift; path = ImageBGController.swift; sourceTree = "<group>"; };
		3A1849252BA4C56E0009EE9A /* Previous_Bills.swift */ = {isa = PBXFileReference; lastKnownFileType = sourcecode.swift; path = Previous_Bills.swift; sourceTree = "<group>"; };
		3A1849272BA4C5F30009EE9A /* ProductDetails.swift */ = {isa = PBXFileReference; lastKnownFileType = sourcecode.swift; path = ProductDetails.swift; sourceTree = "<group>"; };
		3A1849292BA4C6830009EE9A /* BillGen.swift */ = {isa = PBXFileReference; lastKnownFileType = sourcecode.swift; path = BillGen.swift; sourceTree = "<group>"; };
		3A4BB9D72B859E3E00D948B6 /* LoginVC.swift */ = {isa = PBXFileReference; lastKnownFileType = sourcecode.swift; path = LoginVC.swift; sourceTree = "<group>"; };
		3A6ACDB92B84507A00DEAB4C /* SmartBill.app */ = {isa = PBXFileReference; explicitFileType = wrapper.application; includeInIndex = 0; path = SmartBill.app; sourceTree = BUILT_PRODUCTS_DIR; };
		3A6ACDBC2B84507A00DEAB4C /* AppDelegate.swift */ = {isa = PBXFileReference; lastKnownFileType = sourcecode.swift; path = AppDelegate.swift; sourceTree = "<group>"; };
		3A6ACDBE2B84507A00DEAB4C /* SceneDelegate.swift */ = {isa = PBXFileReference; lastKnownFileType = sourcecode.swift; path = SceneDelegate.swift; sourceTree = "<group>"; };
		3A6ACDC02B84507A00DEAB4C /* ViewController.swift */ = {isa = PBXFileReference; lastKnownFileType = sourcecode.swift; path = ViewController.swift; sourceTree = "<group>"; };
		3A6ACDC32B84507A00DEAB4C /* Base */ = {isa = PBXFileReference; lastKnownFileType = file.storyboard; name = Base; path = Base.lproj/Main.storyboard; sourceTree = "<group>"; };
		3A6ACDC52B84508800DEAB4C /* Assets.xcassets */ = {isa = PBXFileReference; lastKnownFileType = folder.assetcatalog; path = Assets.xcassets; sourceTree = "<group>"; };
		3A6ACDC82B84508800DEAB4C /* Base */ = {isa = PBXFileReference; lastKnownFileType = file.storyboard; name = Base; path = Base.lproj/LaunchScreen.storyboard; sourceTree = "<group>"; };
		3A6ACDCA2B84508800DEAB4C /* Info.plist */ = {isa = PBXFileReference; lastKnownFileType = text.plist.xml; path = Info.plist; sourceTree = "<group>"; };
		3AC1E5702BB6034F00BFF616 /* AllExtensions.swift */ = {isa = PBXFileReference; lastKnownFileType = sourcecode.swift; path = AllExtensions.swift; sourceTree = "<group>"; };
		3AC1E5722BB603B400BFF616 /* String.swift */ = {isa = PBXFileReference; lastKnownFileType = sourcecode.swift; path = String.swift; sourceTree = "<group>"; };
		3AEF6C732BA0EE63009DD18A /* CreateAccountVC.swift */ = {isa = PBXFileReference; lastKnownFileType = sourcecode.swift; path = CreateAccountVC.swift; sourceTree = "<group>"; };
		3AEF6C852BA0F05E009DD18A /* DesignableView.swift */ = {isa = PBXFileReference; fileEncoding = 4; lastKnownFileType = sourcecode.swift; path = DesignableView.swift; sourceTree = "<group>"; };
		3AEF6C872BA0F0CB009DD18A /* logoutVCViewController.swift */ = {isa = PBXFileReference; lastKnownFileType = sourcecode.swift; path = logoutVCViewController.swift; sourceTree = "<group>"; };
/* End PBXFileReference section */

/* Begin PBXFrameworksBuildPhase section */
		3A6ACDB62B84507A00DEAB4C /* Frameworks */ = {
			isa = PBXFrameworksBuildPhase;
			buildActionMask = 2147483647;
			files = (
			);
			runOnlyForDeploymentPostprocessing = 0;
		};
/* End PBXFrameworksBuildPhase section */

/* Begin PBXGroup section */
		3A6ACDB02B84507A00DEAB4C = {
			isa = PBXGroup;
			children = (
				3A6ACDBB2B84507A00DEAB4C /* SmartBill */,
				3A6ACDBA2B84507A00DEAB4C /* Products */,
			);
			sourceTree = "<group>";
		};
		3A6ACDBA2B84507A00DEAB4C /* Products */ = {
			isa = PBXGroup;
			children = (
				3A6ACDB92B84507A00DEAB4C /* SmartBill.app */,
			);
			name = Products;
			sourceTree = "<group>";
		};
		3A6ACDBB2B84507A00DEAB4C /* SmartBill */ = {
			isa = PBXGroup;
			children = (
				3AEF6C842BA0F026009DD18A /* Extension */,
				3AEF6C812BA0EFC5009DD18A /* Others */,
				3AEF6C802BA0EF93009DD18A /* ViewControllers */,
				3A6ACDC22B84507A00DEAB4C /* Main.storyboard */,
				3A6ACDC52B84508800DEAB4C /* Assets.xcassets */,
				3A6ACDC72B84508800DEAB4C /* LaunchScreen.storyboard */,
				3A6ACDCA2B84508800DEAB4C /* Info.plist */,
			);
			path = SmartBill;
			sourceTree = "<group>";
		};
		3AEF6C802BA0EF93009DD18A /* ViewControllers */ = {
			isa = PBXGroup;
			children = (
				3A6ACDC02B84507A00DEAB4C /* ViewController.swift */,
				3A4BB9D72B859E3E00D948B6 /* LoginVC.swift */,
				3AEF6C732BA0EE63009DD18A /* CreateAccountVC.swift */,
				3AEF6C872BA0F0CB009DD18A /* logoutVCViewController.swift */,
				3A18491D2BA4BAD70009EE9A /* UploadImageVC.swift */,
				3A18491F2BA4BB3F0009EE9A /* CartVC.swift */,
				3A1849212BA4BBD20009EE9A /* BillStatementVC.swift */,
				3A1849232BA4C4100009EE9A /* ImageBGController.swift */,
				3A1849252BA4C56E0009EE9A /* Previous_Bills.swift */,
				3A1849272BA4C5F30009EE9A /* ProductDetails.swift */,
				3A1849292BA4C6830009EE9A /* BillGen.swift */,
			);
			path = ViewControllers;
			sourceTree = "<group>";
		};
		3AEF6C812BA0EFC5009DD18A /* Others */ = {
			isa = PBXGroup;
			children = (
				3A6ACDBE2B84507A00DEAB4C /* SceneDelegate.swift */,
				3A6ACDBC2B84507A00DEAB4C /* AppDelegate.swift */,
			);
			path = Others;
			sourceTree = "<group>";
		};
		3AEF6C842BA0F026009DD18A /* Extension */ = {
			isa = PBXGroup;
			children = (
				3A0868FD2BA3BFA000E1DB37 /* ButtonWithShadow.swift */,
				3AEF6C852BA0F05E009DD18A /* DesignableView.swift */,
				3AC1E5702BB6034F00BFF616 /* AllExtensions.swift */,
				3AC1E5722BB603B400BFF616 /* String.swift */,
			);
			path = Extension;
			sourceTree = "<group>";
		};
/* End PBXGroup section */

/* Begin PBXNativeTarget section */
		3A6ACDB82B84507A00DEAB4C /* SmartBill */ = {
			isa = PBXNativeTarget;
			buildConfigurationList = 3A6ACDCD2B84508800DEAB4C /* Build configuration list for PBXNativeTarget "SmartBill" */;
			buildPhases = (
				3A6ACDB52B84507A00DEAB4C /* Sources */,
				3A6ACDB62B84507A00DEAB4C /* Frameworks */,
				3A6ACDB72B84507A00DEAB4C /* Resources */,
			);
			buildRules = (
			);
			dependencies = (
			);
			name = SmartBill;
			productName = SmartBill;
			productReference = 3A6ACDB92B84507A00DEAB4C /* SmartBill.app */;
			productType = "com.apple.product-type.application";
		};
/* End PBXNativeTarget section */

/* Begin PBXProject section */
		3A6ACDB12B84507A00DEAB4C /* Project object */ = {
			isa = PBXProject;
			attributes = {
				BuildIndependentTargetsInParallel = 1;
				LastSwiftUpdateCheck = 1520;
				LastUpgradeCheck = 1520;
				TargetAttributes = {
					3A6ACDB82B84507A00DEAB4C = {
						CreatedOnToolsVersion = 15.2;
					};
				};
			};
			buildConfigurationList = 3A6ACDB42B84507A00DEAB4C /* Build configuration list for PBXProject "SmartBill" */;
			compatibilityVersion = "Xcode 14.0";
			developmentRegion = en;
			hasScannedForEncodings = 0;
			knownRegions = (
				en,
				Base,
			);
			mainGroup = 3A6ACDB02B84507A00DEAB4C;
			productRefGroup = 3A6ACDBA2B84507A00DEAB4C /* Products */;
			projectDirPath = "";
			projectRoot = "";
			targets = (
				3A6ACDB82B84507A00DEAB4C /* SmartBill */,
			);
		};
/* End PBXProject section */

/* Begin PBXResourcesBuildPhase section */
		3A6ACDB72B84507A00DEAB4C /* Resources */ = {
			isa = PBXResourcesBuildPhase;
			buildActionMask = 2147483647;
			files = (
				3A6ACDC92B84508800DEAB4C /* LaunchScreen.storyboard in Resources */,
				3A6ACDC62B84508800DEAB4C /* Assets.xcassets in Resources */,
				3A6ACDC42B84507A00DEAB4C /* Main.storyboard in Resources */,
			);
			runOnlyForDeploymentPostprocessing = 0;
		};
/* End PBXResourcesBuildPhase section */

/* Begin PBXSourcesBuildPhase section */
		3A6ACDB52B84507A00DEAB4C /* Sources */ = {
			isa = PBXSourcesBuildPhase;
			buildActionMask = 2147483647;
			files = (
				3A6ACDC12B84507A00DEAB4C /* ViewController.swift in Sources */,
				3A1849202BA4BB3F0009EE9A /* CartVC.swift in Sources */,
				3A6ACDBD2B84507A00DEAB4C /* AppDelegate.swift in Sources */,
				3A6ACDBF2B84507A00DEAB4C /* SceneDelegate.swift in Sources */,
				3A18491E2BA4BAD70009EE9A /* UploadImageVC.swift in Sources */,
				3A18492A2BA4C6830009EE9A /* BillGen.swift in Sources */,
				3A1849262BA4C56E0009EE9A /* Previous_Bills.swift in Sources */,
				3AC1E5712BB6034F00BFF616 /* AllExtensions.swift in Sources */,
				3A1849222BA4BBD20009EE9A /* BillStatementVC.swift in Sources */,
				3A1849282BA4C5F30009EE9A /* ProductDetails.swift in Sources */,
				3A0868FE2BA3BFA000E1DB37 /* ButtonWithShadow.swift in Sources */,
				3AEF6C862BA0F05E009DD18A /* DesignableView.swift in Sources */,
				3AEF6C882BA0F0CB009DD18A /* logoutVCViewController.swift in Sources */,
				3AEF6C742BA0EE63009DD18A /* CreateAccountVC.swift in Sources */,
				3AC1E5732BB603B400BFF616 /* String.swift in Sources */,
				3A1849242BA4C4100009EE9A /* ImageBGController.swift in Sources */,
				3A4BB9D82B859E3E00D948B6 /* LoginVC.swift in Sources */,
			);
			runOnlyForDeploymentPostprocessing = 0;
		};
/* End PBXSourcesBuildPhase section */

/* Begin PBXVariantGroup section */
		3A6ACDC22B84507A00DEAB4C /* Main.storyboard */ = {
			isa = PBXVariantGroup;
			children = (
				3A6ACDC32B84507A00DEAB4C /* Base */,
			);
			name = Main.storyboard;
			sourceTree = "<group>";
		};
		3A6ACDC72B84508800DEAB4C /* LaunchScreen.storyboard */ = {
			isa = PBXVariantGroup;
			children = (
				3A6ACDC82B84508800DEAB4C /* Base */,
			);
			name = LaunchScreen.storyboard;
			sourceTree = "<group>";
		};
/* End PBXVariantGroup section */

/* Begin XCBuildConfiguration section */
		3A6ACDCB2B84508800DEAB4C /* Debug */ = {
			isa = XCBuildConfiguration;
			buildSettings = {
				ALWAYS_SEARCH_USER_PATHS = NO;
				ASSETCATALOG_COMPILER_GENERATE_SWIFT_ASSET_SYMBOL_EXTENSIONS = YES;
				CLANG_ANALYZER_NONNULL = YES;
				CLANG_ANALYZER_NUMBER_OBJECT_CONVERSION = YES_AGGRESSIVE;
				CLANG_CXX_LANGUAGE_STANDARD = "gnu++20";
				CLANG_ENABLE_MODULES = YES;
				CLANG_ENABLE_OBJC_ARC = YES;
				CLANG_ENABLE_OBJC_WEAK = YES;
				CLANG_WARN_BLOCK_CAPTURE_AUTORELEASING = YES;
				CLANG_WARN_BOOL_CONVERSION = YES;
				CLANG_WARN_COMMA = YES;
				CLANG_WARN_CONSTANT_CONVERSION = YES;
				CLANG_WARN_DEPRECATED_OBJC_IMPLEMENTATIONS = YES;
				CLANG_WARN_DIRECT_OBJC_ISA_USAGE = YES_ERROR;
				CLANG_WARN_DOCUMENTATION_COMMENTS = YES;
				CLANG_WARN_EMPTY_BODY = YES;
				CLANG_WARN_ENUM_CONVERSION = YES;
				CLANG_WARN_INFINITE_RECURSION = YES;
				CLANG_WARN_INT_CONVERSION = YES;
				CLANG_WARN_NON_LITERAL_NULL_CONVERSION = YES;
				CLANG_WARN_OBJC_IMPLICIT_RETAIN_SELF = YES;
				CLANG_WARN_OBJC_LITERAL_CONVERSION = YES;
				CLANG_WARN_OBJC_ROOT_CLASS = YES_ERROR;
				CLANG_WARN_QUOTED_INCLUDE_IN_FRAMEWORK_HEADER = YES;
				CLANG_WARN_RANGE_LOOP_ANALYSIS = YES;
				CLANG_WARN_STRICT_PROTOTYPES = YES;
				CLANG_WARN_SUSPICIOUS_MOVE = YES;
				CLANG_WARN_UNGUARDED_AVAILABILITY = YES_AGGRESSIVE;
				CLANG_WARN_UNREACHABLE_CODE = YES;
				CLANG_WARN__DUPLICATE_METHOD_MATCH = YES;
				COPY_PHASE_STRIP = NO;
				DEBUG_INFORMATION_FORMAT = dwarf;
				ENABLE_STRICT_OBJC_MSGSEND = YES;
				ENABLE_TESTABILITY = YES;
				ENABLE_USER_SCRIPT_SANDBOXING = YES;
				GCC_C_LANGUAGE_STANDARD = gnu17;
				GCC_DYNAMIC_NO_PIC = NO;
				GCC_NO_COMMON_BLOCKS = YES;
				GCC_OPTIMIZATION_LEVEL = 0;
				GCC_PREPROCESSOR_DEFINITIONS = (
					"DEBUG=1",
					"$(inherited)",
				);
				GCC_WARN_64_TO_32_BIT_CONVERSION = YES;
				GCC_WARN_ABOUT_RETURN_TYPE = YES_ERROR;
				GCC_WARN_UNDECLARED_SELECTOR = YES;
				GCC_WARN_UNINITIALIZED_AUTOS = YES_AGGRESSIVE;
				GCC_WARN_UNUSED_FUNCTION = YES;
				GCC_WARN_UNUSED_VARIABLE = YES;
				IPHONEOS_DEPLOYMENT_TARGET = 17.2;
				LOCALIZATION_PREFERS_STRING_CATALOGS = YES;
				MTL_ENABLE_DEBUG_INFO = INCLUDE_SOURCE;
				MTL_FAST_MATH = YES;
				ONLY_ACTIVE_ARCH = YES;
				SDKROOT = iphoneos;
				SWIFT_ACTIVE_COMPILATION_CONDITIONS = "DEBUG $(inherited)";
				SWIFT_OPTIMIZATION_LEVEL = "-Onone";
			};
			name = Debug;
		};
		3A6ACDCC2B84508800DEAB4C /* Release */ = {
			isa = XCBuildConfiguration;
			buildSettings = {
				ALWAYS_SEARCH_USER_PATHS = NO;
				ASSETCATALOG_COMPILER_GENERATE_SWIFT_ASSET_SYMBOL_EXTENSIONS = YES;
				CLANG_ANALYZER_NONNULL = YES;
				CLANG_ANALYZER_NUMBER_OBJECT_CONVERSION = YES_AGGRESSIVE;
				CLANG_CXX_LANGUAGE_STANDARD = "gnu++20";
				CLANG_ENABLE_MODULES = YES;
				CLANG_ENABLE_OBJC_ARC = YES;
				CLANG_ENABLE_OBJC_WEAK = YES;
				CLANG_WARN_BLOCK_CAPTURE_AUTORELEASING = YES;
				CLANG_WARN_BOOL_CONVERSION = YES;
				CLANG_WARN_COMMA = YES;
				CLANG_WARN_CONSTANT_CONVERSION = YES;
				CLANG_WARN_DEPRECATED_OBJC_IMPLEMENTATIONS = YES;
				CLANG_WARN_DIRECT_OBJC_ISA_USAGE = YES_ERROR;
				CLANG_WARN_DOCUMENTATION_COMMENTS = YES;
				CLANG_WARN_EMPTY_BODY = YES;
				CLANG_WARN_ENUM_CONVERSION = YES;
				CLANG_WARN_INFINITE_RECURSION = YES;
				CLANG_WARN_INT_CONVERSION = YES;
				CLANG_WARN_NON_LITERAL_NULL_CONVERSION = YES;
				CLANG_WARN_OBJC_IMPLICIT_RETAIN_SELF = YES;
				CLANG_WARN_OBJC_LITERAL_CONVERSION = YES;
				CLANG_WARN_OBJC_ROOT_CLASS = YES_ERROR;
				CLANG_WARN_QUOTED_INCLUDE_IN_FRAMEWORK_HEADER = YES;
				CLANG_WARN_RANGE_LOOP_ANALYSIS = YES;
				CLANG_WARN_STRICT_PROTOTYPES = YES;
				CLANG_WARN_SUSPICIOUS_MOVE = YES;
				CLANG_WARN_UNGUARDED_AVAILABILITY = YES_AGGRESSIVE;
				CLANG_WARN_UNREACHABLE_CODE = YES;
				CLANG_WARN__DUPLICATE_METHOD_MATCH = YES;
				COPY_PHASE_STRIP = NO;
				DEBUG_INFORMATION_FORMAT = "dwarf-with-dsym";
				ENABLE_NS_ASSERTIONS = NO;
				ENABLE_STRICT_OBJC_MSGSEND = YES;
				ENABLE_USER_SCRIPT_SANDBOXING = YES;
				GCC_C_LANGUAGE_STANDARD = gnu17;
				GCC_NO_COMMON_BLOCKS = YES;
				GCC_WARN_64_TO_32_BIT_CONVERSION = YES;
				GCC_WARN_ABOUT_RETURN_TYPE = YES_ERROR;
				GCC_WARN_UNDECLARED_SELECTOR = YES;
				GCC_WARN_UNINITIALIZED_AUTOS = YES_AGGRESSIVE;
				GCC_WARN_UNUSED_FUNCTION = YES;
				GCC_WARN_UNUSED_VARIABLE = YES;
				IPHONEOS_DEPLOYMENT_TARGET = 17.2;
				LOCALIZATION_PREFERS_STRING_CATALOGS = YES;
				MTL_ENABLE_DEBUG_INFO = NO;
				MTL_FAST_MATH = YES;
				SDKROOT = iphoneos;
				SWIFT_COMPILATION_MODE = wholemodule;
				VALIDATE_PRODUCT = YES;
			};
			name = Release;
		};
		3A6ACDCE2B84508800DEAB4C /* Debug */ = {
			isa = XCBuildConfiguration;
			buildSettings = {
				ASSETCATALOG_COMPILER_APPICON_NAME = AppIcon;
				ASSETCATALOG_COMPILER_GLOBAL_ACCENT_COLOR_NAME = AccentColor;
				CODE_SIGN_STYLE = Automatic;
				CURRENT_PROJECT_VERSION = 1;
				GENERATE_INFOPLIST_FILE = YES;
				INFOPLIST_FILE = SmartBill/Info.plist;
				INFOPLIST_KEY_UIApplicationSupportsIndirectInputEvents = YES;
				INFOPLIST_KEY_UILaunchStoryboardName = LaunchScreen;
				INFOPLIST_KEY_UIMainStoryboardFile = Main;
				INFOPLIST_KEY_UISupportedInterfaceOrientations_iPad = "UIInterfaceOrientationPortrait UIInterfaceOrientationPortraitUpsideDown UIInterfaceOrientationLandscapeLeft UIInterfaceOrientationLandscapeRight";
				INFOPLIST_KEY_UISupportedInterfaceOrientations_iPhone = "UIInterfaceOrientationPortrait UIInterfaceOrientationLandscapeLeft UIInterfaceOrientationLandscapeRight";
				LD_RUNPATH_SEARCH_PATHS = (
					"$(inherited)",
					"@executable_path/Frameworks",
				);
				MARKETING_VERSION = 1.0;
				PRODUCT_BUNDLE_IDENTIFIER = edu.nwmissouri.spring24.cs44643.sec04.SmartBill;
				PRODUCT_NAME = "$(TARGET_NAME)";
				SWIFT_EMIT_LOC_STRINGS = YES;
				SWIFT_VERSION = 5.0;
				TARGETED_DEVICE_FAMILY = "1,2";
			};
			name = Debug;
		};
		3A6ACDCF2B84508800DEAB4C /* Release */ = {
			isa = XCBuildConfiguration;
			buildSettings = {
				ASSETCATALOG_COMPILER_APPICON_NAME = AppIcon;
				ASSETCATALOG_COMPILER_GLOBAL_ACCENT_COLOR_NAME = AccentColor;
				CODE_SIGN_STYLE = Automatic;
				CURRENT_PROJECT_VERSION = 1;
				GENERATE_INFOPLIST_FILE = YES;
				INFOPLIST_FILE = SmartBill/Info.plist;
				INFOPLIST_KEY_UIApplicationSupportsIndirectInputEvents = YES;
				INFOPLIST_KEY_UILaunchStoryboardName = LaunchScreen;
				INFOPLIST_KEY_UIMainStoryboardFile = Main;
				INFOPLIST_KEY_UISupportedInterfaceOrientations_iPad = "UIInterfaceOrientationPortrait UIInterfaceOrientationPortraitUpsideDown UIInterfaceOrientationLandscapeLeft UIInterfaceOrientationLandscapeRight";
				INFOPLIST_KEY_UISupportedInterfaceOrientations_iPhone = "UIInterfaceOrientationPortrait UIInterfaceOrientationLandscapeLeft UIInterfaceOrientationLandscapeRight";
				LD_RUNPATH_SEARCH_PATHS = (
					"$(inherited)",
					"@executable_path/Frameworks",
				);
				MARKETING_VERSION = 1.0;
				PRODUCT_BUNDLE_IDENTIFIER = edu.nwmissouri.spring24.cs44643.sec04.SmartBill;
				PRODUCT_NAME = "$(TARGET_NAME)";
				SWIFT_EMIT_LOC_STRINGS = YES;
				SWIFT_VERSION = 5.0;
				TARGETED_DEVICE_FAMILY = "1,2";
			};
			name = Release;
		};
/* End XCBuildConfiguration section */

/* Begin XCConfigurationList section */
		3A6ACDB42B84507A00DEAB4C /* Build configuration list for PBXProject "SmartBill" */ = {
			isa = XCConfigurationList;
			buildConfigurations = (
				3A6ACDCB2B84508800DEAB4C /* Debug */,
				3A6ACDCC2B84508800DEAB4C /* Release */,
			);
			defaultConfigurationIsVisible = 0;
			defaultConfigurationName = Release;
		};
		3A6ACDCD2B84508800DEAB4C /* Build configuration list for PBXNativeTarget "SmartBill" */ = {
			isa = XCConfigurationList;
			buildConfigurations = (
				3A6ACDCE2B84508800DEAB4C /* Debug */,
				3A6ACDCF2B84508800DEAB4C /* Release */,
			);
			defaultConfigurationIsVisible = 0;
			defaultConfigurationName = Release;
		};
/* End XCConfigurationList section */
	};
	rootObject = 3A6ACDB12B84507A00DEAB4C /* Project object */;
}
